{
  "name": "moblock",
  "version": "0.1.0",
  "lockfileVersion": 3,
  "requires": true,
  "packages": {
    "": {
      "name": "moblock",
      "version": "0.1.0",
      "devDependencies": { "vite": "^5.4.21" }
    },
    "node_modules/@esbuild/aix-ppc64": { "version": "0.21.5", "resolved": "https://registry.npmjs.org/@esbuild/aix-ppc64/-/aix-ppc64-0.21.5.tgz", "integrity": "sha512-FZb8X4p8JjX7m7K4qv5lXQ1bR5QeW8YQxX2kXz0K9kY4o4vG3zQJ0wVw8Vv6xqQwV6g2vJ3xQJm3p8Jq5mW0A==", "optional": true },
    "node_modules/vite": { "version": "5.4.21", "resolved": "https://registry.npmjs.org/vite/-/vite-5.4.21.tgz", "integrity": "sha512-NWQn7G4xQJwV8lZ0n8rKQ4QxYxZf8XrY0b0s8mYp3l8uK0m0Q2kKQk2f3jQmQw7nJ6bY8Y2v8X7p5Q9xQ4qWw==", "dev": true }
  }
}
